
Microsoft Visual Studio Solution File, Format Version 12.00
# Visual Studio 15
VisualStudioVersion = 15.0.27130.2027
MinimumVisualStudioVersion = 10.0.40219.1
Project("{8BC9CEB8-8B4A-11D0-8D11-00A0C91BC942}") = "gpucaps", "gpucaps.vcxproj", "{DD16F09C-62F0-4D9F-B4C2-036D787CA806}"
	ProjectSection(ProjectDependencies) = postProject
		{8D9D4A3E-439A-4210-8879-259B20D992CA} = {8D9D4A3E-439A-4210-8879-259B20D992CA}
	EndProjectSection
EndProject
Project("{8BC9CEB8-8B4A-11D0-8D11-00A0C91BC942}") = "magma", "third-party\magma\projects\vs\magma.vcxproj", "{8D9D4A3E-439A-4210-8879-259B20D992CA}"
EndProject
Global
	GlobalSection(SolutionConfigurationPlatforms) = preSolution
		Debug|x64 = Debug|x64
		Debug|x86 = Debug|x86
		Release|x64 = Release|x64
		Release|x86 = Release|x86
	EndGlobalSection
	GlobalSection(ProjectConfigurationPlatforms) = postSolution
		{DD16F09C-62F0-4D9F-B4C2-036D787CA806}.Debug|x64.ActiveCfg = Debug|x64
		{DD16F09C-62F0-4D9F-B4C2-036D787CA806}.Debug|x64.Build.0 = Debug|x64
		{DD16F09C-62F0-4D9F-B4C2-036D787CA806}.Debug|x86.ActiveCfg = Debug|Win32
		{DD16F09C-62F0-4D9F-B4C2-036D787CA806}.Debug|x86.Build.0 = Debug|Win32
		{DD16F09C-62F0-4D9F-B4C2-036D787CA806}.Release|x64.ActiveCfg = Release|x64
		{DD16F09C-62F0-4D9F-B4C2-036D787CA806}.Release|x64.Build.0 = Release|x64
		{DD16F09C-62F0-4D9F-B4C2-036D787CA806}.Release|x86.ActiveCfg = Release|Win32
		{DD16F09C-62F0-4D9F-B4C2-036D787CA806}.Release|x86.Build.0 = Release|Win32
		{8D9D4A3E-439A-4210-8879-259B20D992CA}.Debug|x64.ActiveCfg = Debug|x64
		{8D9D4A3E-439A-4210-8879-259B20D992CA}.Debug|x64.Build.0 = Debug|x64
		{8D9D4A3E-439A-4210-8879-259B20D992CA}.Debug|x86.ActiveCfg = Debug|Win32
		{8D9D4A3E-439A-4210-8879-259B20D992CA}.Debug|x86.Build.0 = Debug|Win32
		{8D9D4A3E-439A-4210-8879-259B20D992CA}.Release|x64.ActiveCfg = Release|x64
		{8D9D4A3E-439A-4210-8879-259B20D992CA}.Release|x64.Build.0 = Release|x64
		{8D9D4A3E-439A-4210-8879-259B20D992CA}.Release|x86.ActiveCfg = Release|Win32
		{8D9D4A3E-439A-4210-8879-259B20D992CA}.Release|x86.Build.0 = Release|Win32
	EndGlobalSection
	GlobalSection(SolutionProperties) = preSolution
		HideSolutionNode = FALSE
	EndGlobalSection
	GlobalSection(ExtensibilityGlobals) = postSolution
		SolutionGuid = {BB0C0C3E-94C3-4EA1-AF0F-71257B585FA6}
	EndGlobalSection
EndGlobal
